github.com/PuerkitoBio/goquery v1.6.1 h1:FgjbQZKl5HTmcn4sKBgvx8vv63nhyhIpv7lJpFGCWpk=
github.com/PuerkitoBio/goquery v1.6.1/go.mod h1:GsLWisAFVj4WgDibEWF4pvYnkVQBpKBKeU+7zCJoLcc=
github.com/andybalholm/cascadia v1.1.0 h1:BuuO6sSfQNFRu1LppgbD25Hr2vLYW25JvxHs5zzsLTo=
github.com/andybalholm/cascadia v1.1.0/go.mod h1:GsXiBklL0woXo1j/WYWtSYYC4ouU9PqHO0sqidkEA4Y=
github.com/go-ping/ping v0.0.0-20210407214646-e4e642a95741 h1:b0sLP++Tsle+s57tqg5sUk1/OQsC6yMCciVeqNzOcwU=
github.com/go-ping/ping v0.0.0-20210407214646-e4e642a95741/go.mod h1:35JbSyV/BYqHwwRA6Zr1uVDm1637YlNOU61wI797NPI=
github.com/hashicorp/go-version v1.0.0 h1:21MVWPKDphxa7ineQQTrCU5brh7OuVVAzGOCnnCPtE8=
github.com/hashicorp/go-version v1.0.0/go.mod h1:fltr4n8CU8Ke44wwGCBoEymUuxUHl09ZGVZPK5anwXA=
github.com/lcvvvv/gonmap v0.1.3 h1:iITJG/iA3Mv1i1Kp6rSeA7430XDphTnPBImyaM3ea7k=
github.com/lcvvvv/gonmap v0.1.3/go.mod h1:gvu9m6rHV78F9h6xTtm/Hb2VomuqVEc758DcMr+VS84=
github.com/lcvvvv/gonmap v0.1.4-0.20210410150900-7f7ad66417a4 h1:U5TBoemqsFq7hfcO03kInQ5xzOIploPCbFduZ9tLXNw=
github.com/lcvvvv/gonmap v0.1.4-0.20210410150900-7f7ad66417a4/go.mod h1:gvu9m6rHV78F9h6xTtm/Hb2VomuqVEc758DcMr+VS84=
github.com/lcvvvv/gonmap v0.1.4-0.20210411023117-7c670151f41f h1:ZFNw3GdPB4waHXNUqUJ990htgGUeut4dYX1yFxaL+Mo=
github.com/lcvvvv/gonmap v0.1.4-0.20210411023117-7c670151f41f/go.mod h1:gvu9m6rHV78F9h6xTtm/Hb2VomuqVEc758DcMr+VS84=
github.com/lcvvvv/gonmap v0.1.4-0.20210411023344-1598f54a97ba h1:ozcUD+ASU1TRCJ5jK2EQFFcJREB1y12WB+d0ghpFIGo=
github.com/lcvvvv/gonmap v0.1.4-0.20210411023344-1598f54a97ba/go.mod h1:gvu9m6rHV78F9h6xTtm/Hb2VomuqVEc758DcMr+VS84=
github.com/lcvvvv/gonmap v0.1.4-0.20210411083339-b1564a003d46 h1:oLyOv7aDwFWDgW5J5y/FbKnQIha1glIkHpPA9QVXYSA=
github.com/lcvvvv/gonmap v0.1.4-0.20210411083339-b1564a003d46/go.mod h1:gvu9m6rHV78F9h6xTtm/Hb2VomuqVEc758DcMr+VS84=
github.com/lcvvvv/gonmap v0.1.4-0.20210411122507-8568aac1c27e h1:RO7ssMLtcJNPbtrh1prDimq0WVQdWkz26DaSRiwwUbc=
github.com/lcvvvv/gonmap v0.1.4-0.20210411122507-8568aac1c27e/go.mod h1:gvu9m6rHV78F9h6xTtm/Hb2VomuqVEc758DcMr+VS84=
github.com/lcvvvv/gonmap v0.1.10 h1:h000JB29C9aLBgdSQk0q54c/MMNklXIhypFDzEKKrX0=
github.com/lcvvvv/gonmap v0.1.10/go.mod h1:gvu9m6rHV78F9h6xTtm/Hb2VomuqVEc758DcMr+VS84=
github.com/lcvvvv/gonmap v0.1.11 h1:LqOvKrRq10mj2UtZs1lOF8s8lI6hD34H1zirFX99Yhc=
github.com/lcvvvv/gonmap v0.1.11/go.mod h1:gvu9m6rHV78F9h6xTtm/Hb2VomuqVEc758DcMr+VS84=
github.com/lcvvvv/gonmap v0.1.12 h1:L736h01dSHOFZywuj+3Ml4URSwB0dwAbf7BH0fEaEQs=
github.com/lcvvvv/gonmap v0.1.12/go.mod h1:gvu9m6rHV78F9h6xTtm/Hb2VomuqVEc758DcMr+VS84=
github.com/lcvvvv/gonmap v0.1.13 h1:PF0Ee6uyC+4ZJ+AAN6JSs1iVVZZ8y86tcwbfUOD9SwU=
github.com/lcvvvv/gonmap v0.1.13/go.mod h1:gvu9m6rHV78F9h6xTtm/Hb2VomuqVEc758DcMr+VS84=
github.com/lcvvvv/gonmap v0.1.14 h1:lihhFwjAUC0r9fyUo3IqBNgQjYkNoXoBfx9R5t/rqR8=
github.com/lcvvvv/gonmap v0.1.14/go.mod h1:gvu9m6rHV78F9h6xTtm/Hb2VomuqVEc758DcMr+VS84=
github.com/lcvvvv/gonmap v0.1.15 h1:jebJQ6Nwojznxtw/6Tq/2llx3rxyltGyGxtZOoTw410=
github.com/lcvvvv/gonmap v0.1.15/go.mod h1:gvu9m6rHV78F9h6xTtm/Hb2VomuqVEc758DcMr+VS84=
github.com/lcvvvv/gonmap v0.1.16 h1:4xYwR5i7U2i614IFikzLkLmBiOcNvUZr90YTS6f2pUM=
github.com/lcvvvv/gonmap v0.1.16/go.mod h1:gvu9m6rHV78F9h6xTtm/Hb2VomuqVEc758DcMr+VS84=
github.com/lcvvvv/gonmap v0.1.17 h1:f7PFtvK81HLNUq5Ue6/cnGL39tIzXTKcIS8hT8kCwqI=
github.com/lcvvvv/gonmap v0.1.17/go.mod h1:gvu9m6rHV78F9h6xTtm/Hb2VomuqVEc758DcMr+VS84=
github.com/lcvvvv/urlparse v0.0.0-20210409080819-2d59a7e1fa30 h1:uD117W/CbSCJf5K99LlTOPI9xdLhquA9hiYb56g3ZtA=
github.com/lcvvvv/urlparse v0.0.0-20210409080819-2d59a7e1fa30/go.mod h1:i3vwnTeeKes1dQbP9b5nrGCG5GqjxZ32VD64igFahiE=
github.com/mitchellh/gox v1.0.1 h1:x0jD3dcHk9a9xPSDN6YEL4xL6Qz0dvNYm8yZqui5chI=
github.com/mitchellh/gox v1.0.1/go.mod h1:ED6BioOGXMswlXa2zxfh/xdd5QhwYliBFn9V18Ap4z4=
github.com/mitchellh/iochan v1.0.0 h1:C+X3KsSTLFVBr/tK1eYN/vs4rJcvsiLU338UhYPJWeY=
github.com/mitchellh/iochan v1.0.0/go.mod h1:JwYml1nuB7xOzsp52dPpHFffvOCDupsG0QubkSMEySY=
github.com/twmb/murmur3 v1.1.5 h1:i9OLS9fkuLzBXjt6dptlAEyk58fJsSTXbRg3SgVyqgk=
github.com/twmb/murmur3 v1.1.5/go.mod h1:Qq/R7NUyOfr65zD+6Q5IHKsJLwP7exErjN6lyyq3OSQ=
golang.org/x/crypto v0.0.0-20190308221718-c2843e01d9a2/go.mod h1:djNgcEr1/C05ACkg1iLfiJU5Ep61QUkGW8qpdssI0+w=
golang.org/x/crypto v0.0.0-20200622213623-75b288015ac9/go.mod h1:LzIPMQfyMNhhGPhUkYOs5KpL4U8rLKemX1yGLhDgUto=
golang.org/x/crypto v0.0.0-20210322153248-0c34fe9e7dc2 h1:It14KIkyBFYkHkwZ7k45minvA9aorojkyjGk9KJ5B/w=
golang.org/x/crypto v0.0.0-20210322153248-0c34fe9e7dc2/go.mod h1:T9bdIzuCu7OtxOm1hfPfRQxPLYneinmdGuTeoZ9dtd4=
golang.org/x/net v0.0.0-20180218175443-cbe0f9307d01/go.mod h1:mL1N/T3taQHkDXs73rZJwtUhF3w3ftmwwsq0BUmARs4=
golang.org/x/net v0.0.0-20190404232315-eb5bcb51f2a3/go.mod h1:t9HGtf8HONx5eT2rtn7q6eTqICYqUVnKs3thJo3Qplg=
golang.org/x/net v0.0.0-20200202094626-16171245cfb2/go.mod h1:z5CRVTTTmAJ677TzLLGU+0bjPO0LkuOLi4/5GtJWs/s=
golang.org/x/net v0.0.0-20200904194848-62affa334b73/go.mod h1:/O7V0waA8r7cgGh81Ro3o1hOxt32SMVPicZroKQ2sZA=
golang.org/x/net v0.0.0-20210226172049-e18ecbb05110 h1:qWPm9rbaAMKs8Bq/9LRpbMqxWRVUAQwMI9fVrssnTfw=
golang.org/x/net v0.0.0-20210226172049-e18ecbb05110/go.mod h1:m0MpNAwzfU5UDzcl9v0D8zg8gWTRqZa9RBIspLL5mdg=
golang.org/x/sys v0.0.0-20190215142949-d0b11bdaac8a/go.mod h1:STP8DvDyc/dI5b8T5hshtkjS+E42TnysNCUPdjciGhY=
golang.org/x/sys v0.0.0-20190412213103-97732733099d/go.mod h1:h1NjWce9XRLGQEsW7wpKNCjG9DtNlClVuFLEZdDNbEs=
golang.org/x/sys v0.0.0-20200323222414-85ca7c5b95cd/go.mod h1:h1NjWce9XRLGQEsW7wpKNCjG9DtNlClVuFLEZdDNbEs=
golang.org/x/sys v0.0.0-20201119102817-f84b799fce68 h1:nxC68pudNYkKU6jWhgrqdreuFiOQWj1Fs7T3VrH4Pjw=
golang.org/x/sys v0.0.0-20201119102817-f84b799fce68/go.mod h1:h1NjWce9XRLGQEsW7wpKNCjG9DtNlClVuFLEZdDNbEs=
golang.org/x/term v0.0.0-20201126162022-7de9c90e9dd1 h1:v+OssWQX+hTHEmOBgwxdZxK4zHq3yOs8F9J7mk0PY8E=
golang.org/x/term v0.0.0-20201126162022-7de9c90e9dd1/go.mod h1:bj7SfCRtBDWHUb9snDiAeCFNEtKQo2Wmx5Cou7ajbmo=
golang.org/x/text v0.3.0/go.mod h1:NqM8EUOU14njkJ3fqMW+pc6Ldnwhi/IjpwHt7yyuwOQ=
golang.org/x/text v0.3.3/go.mod h1:5Zoc/QRtKVWzQhOtBMvqHzDpF6irO9z98xDceosuGiQ=
golang.org/x/text v0.3.6 h1:aRYxNxv6iGQlyVaZmk6ZgYEDa+Jg18DxebPSrd6bg1M=
golang.org/x/text v0.3.6/go.mod h1:5Zoc/QRtKVWzQhOtBMvqHzDpF6irO9z98xDceosuGiQ=
golang.org/x/tools v0.0.0-20180917221912-90fa682c2a6e/go.mod h1:n7NCudcB/nEzxVGmLbDWY5pfWTLqBcC2KZ6jyYvM4mQ=
